{
  "name": "usershub",
  "version": "2.0.0",
  "lockfileVersion": 1,
  "requires": true,
  "dependencies": {
    "bootstrap": {
      "version": "4.5.0",
      "resolved": "https://registry.npmjs.org/bootstrap/-/bootstrap-4.5.0.tgz",
      "integrity": "sha512-Z93QoXvodoVslA+PWNdk23Hze4RBYIkpb5h8I2HY2Tu2h7A0LpAgLcyrhrSUyo2/Oxm2l1fRZPs1e5hnxnliXA=="
    },
    "datatables.net": {
      "version": "1.10.22",
      "resolved": "https://registry.npmjs.org/datatables.net/-/datatables.net-1.10.22.tgz",
      "integrity": "sha512-ujn8GvkQIBYzYH54XY7OrI0Zb35TKRd9ABYfbnXgBfwTGIFT6UsmXrfHU5Yk+MSDoF0sDu2TB+31V6c+zUZ0Pw==",
      "requires": {
        "jquery": ">=1.7"
      }
    },
    "font-awesome": {
      "version": "4.7.0",
      "resolved": "https://registry.npmjs.org/font-awesome/-/font-awesome-4.7.0.tgz",
      "integrity": "sha1-j6jPBBGhoxr9B7BtKQK7n8gVoTM="
    },
    "footable": {
      "version": "2.0.6",
      "resolved": "https://registry.npmjs.org/footable/-/footable-2.0.6.tgz",
      "integrity": "sha1-JOLQxKYWSOA/wDE4F76FOqWcCdA=",
      "requires": {
        "jquery": ">=1.4.4"
      }
    },
    "jquery": {
      "version": "3.5.0",
      "resolved": "https://registry.npmjs.org/jquery/-/jquery-3.5.0.tgz",
      "integrity": "sha512-Xb7SVYMvygPxbFMpTFQiHh1J7HClEaThguL15N/Gg37Lri/qKyhRGZYzHRyLH8Stq3Aow0LsHO2O2ci86fCrNQ=="
    },
    "popper.js": {
      "version": "1.16.1",
      "resolved": "https://registry.npmjs.org/popper.js/-/popper.js-1.16.1.tgz",
      "integrity": "sha512-Wb4p1J4zyFTbM+u6WuO4XstYx4Ky9Cewe4DWrel7B0w6VVICvPwdOpotjzcf6eD8TsckVnIMNONQyPIUFOUbCQ=="
    }
  }
}
